<?xml version="1.0" encoding="utf-8"?>
<Project ToolsVersion="4.0" xmlns="http://schemas.microsoft.com/developer/msbuild/2003">
  <ItemGroup>
    <Filter Include="Okra">
      <UniqueIdentifier>{B2378A7C-9E6E-8B0D-475B-71103371070F}</UniqueIdentifier>
    </Filter>
    <Filter Include="Okra\Events">
      <UniqueIdentifier>{560742F3-C2BC-BAE8-4BB1-B4BFB765B1EC}</UniqueIdentifier>
    </Filter>
    <Filter Include="Okra\ImGui">
      <UniqueIdentifier>{5C2A1EF8-48E2-5F45-B1E9-38A19DC0FA35}</UniqueIdentifier>
    </Filter>
    <Filter Include="Platfrom">
      <UniqueIdentifier>{8AD388B4-76A0-E3BF-9FB9-D1678BE5184E}</UniqueIdentifier>
    </Filter>
    <Filter Include="Platfrom\OpenGL">
      <UniqueIdentifier>{7EDDD6CB-EA68-4490-F379-C7845F84A090}</UniqueIdentifier>
    </Filter>
    <Filter Include="Platfrom\Windows">
      <UniqueIdentifier>{C467CE9E-B060-EDF0-D992-D275C5EACCFC}</UniqueIdentifier>
    </Filter>
  </ItemGroup>
  <ItemGroup>
    <ClInclude Include="src\Okra.h" />
    <ClInclude Include="src\Okra\App.h">
      <Filter>Okra</Filter>
    </ClInclude>
    <ClInclude Include="src\Okra\Core.h">
      <Filter>Okra</Filter>
    </ClInclude>
    <ClInclude Include="src\Okra\EntryPoint.h">
      <Filter>Okra</Filter>
    </ClInclude>
    <ClInclude Include="src\Okra\Events\AppEvent.h">
      <Filter>Okra\Events</Filter>
    </ClInclude>
    <ClInclude Include="src\Okra\Events\Event.h">
      <Filter>Okra\Events</Filter>
    </ClInclude>
    <ClInclude Include="src\Okra\Events\KeyEvent.h">
      <Filter>Okra\Events</Filter>
    </ClInclude>
    <ClInclude Include="src\Okra\Events\MouseEvent.h">
      <Filter>Okra\Events</Filter>
    </ClInclude>
    <ClInclude Include="src\Okra\ImGui\ImGuiLayer.h">
      <Filter>Okra\ImGui</Filter>
    </ClInclude>
    <ClInclude Include="src\Okra\Layer.h">
      <Filter>Okra</Filter>
    </ClInclude>
    <ClInclude Include="src\Okra\LayerStack.h">
      <Filter>Okra</Filter>
    </ClInclude>
    <ClInclude Include="src\Okra\Log.h">
      <Filter>Okra</Filter>
    </ClInclude>
    <ClInclude Include="src\Okra\Window.h">
      <Filter>Okra</Filter>
    </ClInclude>
    <ClInclude Include="src\Platfrom\OpenGL\ImGuiOpenGLRenderer.h">
      <Filter>Platfrom\OpenGL</Filter>
    </ClInclude>
    <ClInclude Include="src\Platfrom\Windows\WindowsWindow.h">
      <Filter>Platfrom\Windows</Filter>
    </ClInclude>
    <ClInclude Include="src\okrapch.h" />
    <ClInclude Include="src\Okra\Input.h" />
    <ClInclude Include="src\Okra\WindowsInput.h" />
    <ClInclude Include="src\Okra\KeyCodes.h" />
    <ClInclude Include="src\Okra\MouseButtonCodes.h" />
  </ItemGroup>
  <ItemGroup>
    <ClCompile Include="src\Okra\App.cpp">
      <Filter>Okra</Filter>
    </ClCompile>
    <ClCompile Include="src\Okra\ImGui\ImGuiLayer.cpp">
      <Filter>Okra\ImGui</Filter>
    </ClCompile>
    <ClCompile Include="src\Okra\Layer.cpp">
      <Filter>Okra</Filter>
    </ClCompile>
    <ClCompile Include="src\Okra\LayerStack.cpp">
      <Filter>Okra</Filter>
    </ClCompile>
    <ClCompile Include="src\Okra\Log.cpp">
      <Filter>Okra</Filter>
    </ClCompile>
    <ClCompile Include="src\Platfrom\OpenGL\ImGuiOpenGLRenderer.cpp">
      <Filter>Platfrom\OpenGL</Filter>
    </ClCompile>
    <ClCompile Include="src\Platfrom\Windows\WindowsWindow.cpp">
      <Filter>Platfrom\Windows</Filter>
    </ClCompile>
    <ClCompile Include="src\okrapch.cpp" />
    <ClCompile Include="src\Okra\WindowsInput.cpp" />
  </ItemGroup>
</Project>